
Microsoft Visual Studio Solution File, Format Version 11.00
# Visual Studio 2010
Project("{FAE04EC0-301F-11D3-BF4B-00C04F79EFBC}") = "AutoBox", "Core\AutoBox.csproj", "{31568248-7C98-4F96-AC20-1BA5E9AA6287}"
EndProject
Project("{FAE04EC0-301F-11D3-BF4B-00C04F79EFBC}") = "AutoBox.Specification", "Specification\AutoBox.Specification.csproj", "{9AC54E30-9F7C-49FF-8F95-C2FB23617652}"
EndProject
Project("{2150E333-8FDC-42A3-9474-1A3956D46DE8}") = "Libraries", "Libraries", "{58A07E88-CE3D-418F-A6A3-D9029C418A98}"
EndProject
Project("{FAE04EC0-301F-11D3-BF4B-00C04F79EFBC}") = "BeIT.MemCached", "Libraries\BeIT.MemCached\BeIT.MemCached.csproj", "{FA1591A7-90BA-4398-8FF9-CC3FF174F05C}"
EndProject
Project("{2150E333-8FDC-42A3-9474-1A3956D46DE8}") = "Samples", "Samples", "{E6935BFA-BBD4-41D3-9657-2B37B2C0A001}"
EndProject
Project("{FAE04EC0-301F-11D3-BF4B-00C04F79EFBC}") = "AutoBox.Sample", "Sample\AutoBox.Sample.csproj", "{CC7D5217-4532-4004-A80C-1672E18BC1F3}"
EndProject
Project("{FAE04EC0-301F-11D3-BF4B-00C04F79EFBC}") = "AutoBox.NuGet", "Install\AutoBox.NuGet.csproj", "{C41B119C-B336-419D-AC50-A3704EC5CCC0}"
EndProject
Project("{2150E333-8FDC-42A3-9474-1A3956D46DE8}") = "Install", "Install", "{13F2A442-EE54-4AED-80F7-32D8B1464E93}"
EndProject
Global
	GlobalSection(SolutionConfigurationPlatforms) = preSolution
		Debug|Any CPU = Debug|Any CPU
		Release|Any CPU = Release|Any CPU
	EndGlobalSection
	GlobalSection(ProjectConfigurationPlatforms) = postSolution
		{31568248-7C98-4F96-AC20-1BA5E9AA6287}.Debug|Any CPU.ActiveCfg = Debug|Any CPU
		{31568248-7C98-4F96-AC20-1BA5E9AA6287}.Debug|Any CPU.Build.0 = Debug|Any CPU
		{31568248-7C98-4F96-AC20-1BA5E9AA6287}.Release|Any CPU.ActiveCfg = Release|Any CPU
		{31568248-7C98-4F96-AC20-1BA5E9AA6287}.Release|Any CPU.Build.0 = Release|Any CPU
		{9AC54E30-9F7C-49FF-8F95-C2FB23617652}.Debug|Any CPU.ActiveCfg = Debug|Any CPU
		{9AC54E30-9F7C-49FF-8F95-C2FB23617652}.Debug|Any CPU.Build.0 = Debug|Any CPU
		{9AC54E30-9F7C-49FF-8F95-C2FB23617652}.Release|Any CPU.ActiveCfg = Release|Any CPU
		{9AC54E30-9F7C-49FF-8F95-C2FB23617652}.Release|Any CPU.Build.0 = Release|Any CPU
		{FA1591A7-90BA-4398-8FF9-CC3FF174F05C}.Debug|Any CPU.ActiveCfg = Debug|Any CPU
		{FA1591A7-90BA-4398-8FF9-CC3FF174F05C}.Debug|Any CPU.Build.0 = Debug|Any CPU
		{FA1591A7-90BA-4398-8FF9-CC3FF174F05C}.Release|Any CPU.ActiveCfg = Release|Any CPU
		{FA1591A7-90BA-4398-8FF9-CC3FF174F05C}.Release|Any CPU.Build.0 = Release|Any CPU
		{CC7D5217-4532-4004-A80C-1672E18BC1F3}.Debug|Any CPU.ActiveCfg = Debug|Any CPU
		{CC7D5217-4532-4004-A80C-1672E18BC1F3}.Debug|Any CPU.Build.0 = Debug|Any CPU
		{CC7D5217-4532-4004-A80C-1672E18BC1F3}.Release|Any CPU.ActiveCfg = Release|Any CPU
		{CC7D5217-4532-4004-A80C-1672E18BC1F3}.Release|Any CPU.Build.0 = Release|Any CPU
		{C41B119C-B336-419D-AC50-A3704EC5CCC0}.Debug|Any CPU.ActiveCfg = Debug|Any CPU
		{C41B119C-B336-419D-AC50-A3704EC5CCC0}.Debug|Any CPU.Build.0 = Debug|Any CPU
		{C41B119C-B336-419D-AC50-A3704EC5CCC0}.Release|Any CPU.ActiveCfg = Release|Any CPU
		{C41B119C-B336-419D-AC50-A3704EC5CCC0}.Release|Any CPU.Build.0 = Release|Any CPU
	EndGlobalSection
	GlobalSection(SolutionProperties) = preSolution
		HideSolutionNode = FALSE
	EndGlobalSection
	GlobalSection(NestedProjects) = preSolution
		{FA1591A7-90BA-4398-8FF9-CC3FF174F05C} = {58A07E88-CE3D-418F-A6A3-D9029C418A98}
		{CC7D5217-4532-4004-A80C-1672E18BC1F3} = {E6935BFA-BBD4-41D3-9657-2B37B2C0A001}
		{C41B119C-B336-419D-AC50-A3704EC5CCC0} = {13F2A442-EE54-4AED-80F7-32D8B1464E93}
	EndGlobalSection
	GlobalSection(ExtensibilityGlobals) = postSolution
		EnterpriseLibraryConfigurationToolBinariesPath = packages\Unity.2.1.505.0\lib\NET35;packages\Unity.Interception.2.1.505.0\lib\NET35
	EndGlobalSection
EndGlobal
